<Solution>
  <Project Path="Best Time to Buy and Sell Stock/Best Time to Buy and Sell Stock.csproj" />
  <Project Path="Contains Duplicate/Contains Duplicate.csproj" Id="30cea2bf-6566-40f9-aaf9-35d435bfd7a5" />
  <Project Path="Valid Anagram/Valid Anagram.csproj" Id="b1e3830b-4ca5-4fd2-8bb4-5b8dd92869fd" />
</Solution>
